
Microsoft Visual Studio Solution File, Format Version 12.00
# Visual Studio Version 17
VisualStudioVersion = 17.8.34330.188
MinimumVisualStudioVersion = 10.0.40219.1
Project("{FAE04EC0-301F-11D3-BF4B-00C04F79EFBC}") = "Positivo ou negativo", "Positivo ou negativo\Positivo ou negativo.csproj", "{6FE713C2-C025-48F2-B5BC-64E40712490E}"
EndProject
Global
	GlobalSection(SolutionConfigurationPlatforms) = preSolution
		Debug|Any CPU = Debug|Any CPU
		Release|Any CPU = Release|Any CPU
	EndGlobalSection
	GlobalSection(ProjectConfigurationPlatforms) = postSolution
		{6FE713C2-C025-48F2-B5BC-64E40712490E}.Debug|Any CPU.ActiveCfg = Debug|Any CPU
		{6FE713C2-C025-48F2-B5BC-64E40712490E}.Debug|Any CPU.Build.0 = Debug|Any CPU
		{6FE713C2-C025-48F2-B5BC-64E40712490E}.Release|Any CPU.ActiveCfg = Release|Any CPU
		{6FE713C2-C025-48F2-B5BC-64E40712490E}.Release|Any CPU.Build.0 = Release|Any CPU
	EndGlobalSection
	GlobalSection(SolutionProperties) = preSolution
		HideSolutionNode = FALSE
	EndGlobalSection
	GlobalSection(ExtensibilityGlobals) = postSolution
		SolutionGuid = {BC90232C-5FB7-4A87-9427-52A778ACED3F}
	EndGlobalSection
EndGlobal
