
Microsoft Visual Studio Solution File, Format Version 12.00
# Visual Studio Version 17
VisualStudioVersion = 17.8.34330.188
MinimumVisualStudioVersion = 10.0.40219.1
Project("{FAE04EC0-301F-11D3-BF4B-00C04F79EFBC}") = "Maior, menor que 10", "Maior, menor que 10\Maior, menor que 10.csproj", "{7C2C1EB3-185D-4553-A999-710186D28124}"
EndProject
Global
	GlobalSection(SolutionConfigurationPlatforms) = preSolution
		Debug|Any CPU = Debug|Any CPU
		Release|Any CPU = Release|Any CPU
	EndGlobalSection
	GlobalSection(ProjectConfigurationPlatforms) = postSolution
		{7C2C1EB3-185D-4553-A999-710186D28124}.Debug|Any CPU.ActiveCfg = Debug|Any CPU
		{7C2C1EB3-185D-4553-A999-710186D28124}.Debug|Any CPU.Build.0 = Debug|Any CPU
		{7C2C1EB3-185D-4553-A999-710186D28124}.Release|Any CPU.ActiveCfg = Release|Any CPU
		{7C2C1EB3-185D-4553-A999-710186D28124}.Release|Any CPU.Build.0 = Release|Any CPU
	EndGlobalSection
	GlobalSection(SolutionProperties) = preSolution
		HideSolutionNode = FALSE
	EndGlobalSection
	GlobalSection(ExtensibilityGlobals) = postSolution
		SolutionGuid = {EB956130-773E-4CBB-9751-2E08238E749C}
	EndGlobalSection
EndGlobal
