
Microsoft Visual Studio Solution File, Format Version 12.00
# Visual Studio Version 17
VisualStudioVersion = 17.8.34330.188
MinimumVisualStudioVersion = 10.0.40219.1
Project("{FAE04EC0-301F-11D3-BF4B-00C04F79EFBC}") = "Antecessor", "Antecessor\Antecessor.csproj", "{1AC68F1C-DBED-4460-9F20-28A4C954E9FD}"
EndProject
Global
	GlobalSection(SolutionConfigurationPlatforms) = preSolution
		Debug|Any CPU = Debug|Any CPU
		Release|Any CPU = Release|Any CPU
	EndGlobalSection
	GlobalSection(ProjectConfigurationPlatforms) = postSolution
		{1AC68F1C-DBED-4460-9F20-28A4C954E9FD}.Debug|Any CPU.ActiveCfg = Debug|Any CPU
		{1AC68F1C-DBED-4460-9F20-28A4C954E9FD}.Debug|Any CPU.Build.0 = Debug|Any CPU
		{1AC68F1C-DBED-4460-9F20-28A4C954E9FD}.Release|Any CPU.ActiveCfg = Release|Any CPU
		{1AC68F1C-DBED-4460-9F20-28A4C954E9FD}.Release|Any CPU.Build.0 = Release|Any CPU
	EndGlobalSection
	GlobalSection(SolutionProperties) = preSolution
		HideSolutionNode = FALSE
	EndGlobalSection
	GlobalSection(ExtensibilityGlobals) = postSolution
		SolutionGuid = {327D522A-A72E-427E-B518-87B4F248CCBF}
	EndGlobalSection
EndGlobal
