
Microsoft Visual Studio Solution File, Format Version 12.00
# Visual Studio Version 17
VisualStudioVersion = 17.8.34330.188
MinimumVisualStudioVersion = 10.0.40219.1
Project("{FAE04EC0-301F-11D3-BF4B-00C04F79EFBC}") = "Carro", "Carro\Carro.csproj", "{0B5B1F55-B5F2-4794-9301-3CB982053431}"
EndProject
Global
	GlobalSection(SolutionConfigurationPlatforms) = preSolution
		Debug|Any CPU = Debug|Any CPU
		Release|Any CPU = Release|Any CPU
	EndGlobalSection
	GlobalSection(ProjectConfigurationPlatforms) = postSolution
		{0B5B1F55-B5F2-4794-9301-3CB982053431}.Debug|Any CPU.ActiveCfg = Debug|Any CPU
		{0B5B1F55-B5F2-4794-9301-3CB982053431}.Debug|Any CPU.Build.0 = Debug|Any CPU
		{0B5B1F55-B5F2-4794-9301-3CB982053431}.Release|Any CPU.ActiveCfg = Release|Any CPU
		{0B5B1F55-B5F2-4794-9301-3CB982053431}.Release|Any CPU.Build.0 = Release|Any CPU
	EndGlobalSection
	GlobalSection(SolutionProperties) = preSolution
		HideSolutionNode = FALSE
	EndGlobalSection
	GlobalSection(ExtensibilityGlobals) = postSolution
		SolutionGuid = {EAD8183E-A896-4814-B4A7-AE4D145F3484}
	EndGlobalSection
EndGlobal
